
Microsoft Visual Studio Solution File, Format Version 12.00
# Visual Studio 2013
VisualStudioVersion = 12.0.31101.0
MinimumVisualStudioVersion = 10.0.40219.1
Project("{888888A0-9F3D-457C-B088-3A5042F75D52}") = "DiabeticRetinopathy", "DiabeticRetinopathy.pyproj", "{848A3024-25D2-483F-9116-AD78BDD8A838}"
EndProject
Project("{8BC9CEB8-8B4A-11D0-8D11-00A0C91BC942}") = "ImageNormalization", "ImageNormalization\ImageNormalization.vcxproj", "{F673B3F1-1381-4A5A-B5F3-DB958B2A8D92}"
EndProject
Global
	GlobalSection(SolutionConfigurationPlatforms) = preSolution
		Debug|Any CPU = Debug|Any CPU
		Debug|Mixed Platforms = Debug|Mixed Platforms
		Debug|Win32 = Debug|Win32
		Debug|x64 = Debug|x64
		Release|Any CPU = Release|Any CPU
		Release|Mixed Platforms = Release|Mixed Platforms
		Release|Win32 = Release|Win32
		Release|x64 = Release|x64
	EndGlobalSection
	GlobalSection(ProjectConfigurationPlatforms) = postSolution
		{848A3024-25D2-483F-9116-AD78BDD8A838}.Debug|Any CPU.ActiveCfg = Debug|Any CPU
		{848A3024-25D2-483F-9116-AD78BDD8A838}.Debug|Mixed Platforms.ActiveCfg = Debug|Any CPU
		{848A3024-25D2-483F-9116-AD78BDD8A838}.Debug|Win32.ActiveCfg = Debug|Any CPU
		{848A3024-25D2-483F-9116-AD78BDD8A838}.Debug|x64.ActiveCfg = Debug|Any CPU
		{848A3024-25D2-483F-9116-AD78BDD8A838}.Release|Any CPU.ActiveCfg = Release|Any CPU
		{848A3024-25D2-483F-9116-AD78BDD8A838}.Release|Mixed Platforms.ActiveCfg = Release|Any CPU
		{848A3024-25D2-483F-9116-AD78BDD8A838}.Release|Win32.ActiveCfg = Release|Any CPU
		{848A3024-25D2-483F-9116-AD78BDD8A838}.Release|x64.ActiveCfg = Release|Any CPU
		{F673B3F1-1381-4A5A-B5F3-DB958B2A8D92}.Debug|Any CPU.ActiveCfg = Debug|Win32
		{F673B3F1-1381-4A5A-B5F3-DB958B2A8D92}.Debug|Mixed Platforms.ActiveCfg = Debug|Win32
		{F673B3F1-1381-4A5A-B5F3-DB958B2A8D92}.Debug|Mixed Platforms.Build.0 = Debug|Win32
		{F673B3F1-1381-4A5A-B5F3-DB958B2A8D92}.Debug|Win32.ActiveCfg = Debug|Win32
		{F673B3F1-1381-4A5A-B5F3-DB958B2A8D92}.Debug|Win32.Build.0 = Debug|Win32
		{F673B3F1-1381-4A5A-B5F3-DB958B2A8D92}.Debug|x64.ActiveCfg = Debug|x64
		{F673B3F1-1381-4A5A-B5F3-DB958B2A8D92}.Debug|x64.Build.0 = Debug|x64
		{F673B3F1-1381-4A5A-B5F3-DB958B2A8D92}.Release|Any CPU.ActiveCfg = Release|Win32
		{F673B3F1-1381-4A5A-B5F3-DB958B2A8D92}.Release|Mixed Platforms.ActiveCfg = Release|Win32
		{F673B3F1-1381-4A5A-B5F3-DB958B2A8D92}.Release|Mixed Platforms.Build.0 = Release|Win32
		{F673B3F1-1381-4A5A-B5F3-DB958B2A8D92}.Release|Win32.ActiveCfg = Release|Win32
		{F673B3F1-1381-4A5A-B5F3-DB958B2A8D92}.Release|Win32.Build.0 = Release|Win32
		{F673B3F1-1381-4A5A-B5F3-DB958B2A8D92}.Release|x64.ActiveCfg = Debug|x64
		{F673B3F1-1381-4A5A-B5F3-DB958B2A8D92}.Release|x64.Build.0 = Debug|x64
	EndGlobalSection
	GlobalSection(SolutionProperties) = preSolution
		HideSolutionNode = FALSE
	EndGlobalSection
EndGlobal
